
Microsoft Visual Studio Solution File, Format Version 12.00
# Visual Studio Version 17
VisualStudioVersion = 17.8.34525.116
MinimumVisualStudioVersion = 10.0.40219.1
Project("{FAE04EC0-301F-11D3-BF4B-00C04F79EFBC}") = "Marial_like", "Marial_like\Marial_like.csproj", "{7B6DF302-2CCB-4F12-BDCC-ACB84AD8878C}"
EndProject
Global
	GlobalSection(SolutionConfigurationPlatforms) = preSolution
		Debug|Any CPU = Debug|Any CPU
		Release|Any CPU = Release|Any CPU
	EndGlobalSection
	GlobalSection(ProjectConfigurationPlatforms) = postSolution
		{7B6DF302-2CCB-4F12-BDCC-ACB84AD8878C}.Debug|Any CPU.ActiveCfg = Debug|Any CPU
		{7B6DF302-2CCB-4F12-BDCC-ACB84AD8878C}.Debug|Any CPU.Build.0 = Debug|Any CPU
		{7B6DF302-2CCB-4F12-BDCC-ACB84AD8878C}.Release|Any CPU.ActiveCfg = Release|Any CPU
		{7B6DF302-2CCB-4F12-BDCC-ACB84AD8878C}.Release|Any CPU.Build.0 = Release|Any CPU
	EndGlobalSection
	GlobalSection(SolutionProperties) = preSolution
		HideSolutionNode = FALSE
	EndGlobalSection
	GlobalSection(ExtensibilityGlobals) = postSolution
		SolutionGuid = {8BA58CF3-4EAC-431B-B13C-31E3DD2A30C3}
	EndGlobalSection
EndGlobal
