
Microsoft Visual Studio Solution File, Format Version 12.00
# Visual Studio 15
Project("{FAE04EC0-301F-11D3-BF4B-00C04F79EFBC}") = "Assembly-CSharp", "Assembly-CSharp.csproj", "{76FAE8FE-4422-A516-40DF-08F5732D8B02}"
EndProject
Project("{FAE04EC0-301F-11D3-BF4B-00C04F79EFBC}") = "Assembly-CSharp-firstpass", "Assembly-CSharp-firstpass.csproj", "{8B076FCD-A23D-B1D0-A5D4-2DB12D9E337E}"
EndProject
Global
	GlobalSection(SolutionConfigurationPlatforms) = preSolution
		Debug|Any CPU = Debug|Any CPU
		Release|Any CPU = Release|Any CPU
	EndGlobalSection
	GlobalSection(ProjectConfigurationPlatforms) = postSolution
		{76FAE8FE-4422-A516-40DF-08F5732D8B02}.Debug|Any CPU.ActiveCfg = Debug|Any CPU
		{76FAE8FE-4422-A516-40DF-08F5732D8B02}.Debug|Any CPU.Build.0 = Debug|Any CPU
		{76FAE8FE-4422-A516-40DF-08F5732D8B02}.Release|Any CPU.ActiveCfg = Release|Any CPU
		{76FAE8FE-4422-A516-40DF-08F5732D8B02}.Release|Any CPU.Build.0 = Release|Any CPU
		{8B076FCD-A23D-B1D0-A5D4-2DB12D9E337E}.Debug|Any CPU.ActiveCfg = Debug|Any CPU
		{8B076FCD-A23D-B1D0-A5D4-2DB12D9E337E}.Debug|Any CPU.Build.0 = Debug|Any CPU
		{8B076FCD-A23D-B1D0-A5D4-2DB12D9E337E}.Release|Any CPU.ActiveCfg = Release|Any CPU
		{8B076FCD-A23D-B1D0-A5D4-2DB12D9E337E}.Release|Any CPU.Build.0 = Release|Any CPU
	EndGlobalSection
	GlobalSection(SolutionProperties) = preSolution
		HideSolutionNode = FALSE
	EndGlobalSection
EndGlobal
